
Microsoft Visual Studio Solution File, Format Version 12.00
# Visual Studio Version 16
VisualStudioVersion = 16.0.30330.147
MinimumVisualStudioVersion = 10.0.40219.1
Project("{FAE04EC0-301F-11D3-BF4B-00C04F79EFBC}") = "Wetterfrosch", "Wetterfrosch.csproj", "{373059C3-F1E9-4B74-AC52-85AB6D50D1F4}"
EndProject
Global
	GlobalSection(SolutionConfigurationPlatforms) = preSolution
		Debug|Any CPU = Debug|Any CPU
		Release|Any CPU = Release|Any CPU
	EndGlobalSection
	GlobalSection(ProjectConfigurationPlatforms) = postSolution
		{373059C3-F1E9-4B74-AC52-85AB6D50D1F4}.Debug|Any CPU.ActiveCfg = Debug|Any CPU
		{373059C3-F1E9-4B74-AC52-85AB6D50D1F4}.Debug|Any CPU.Build.0 = Debug|Any CPU
		{373059C3-F1E9-4B74-AC52-85AB6D50D1F4}.Release|Any CPU.ActiveCfg = Release|Any CPU
		{373059C3-F1E9-4B74-AC52-85AB6D50D1F4}.Release|Any CPU.Build.0 = Release|Any CPU
	EndGlobalSection
	GlobalSection(SolutionProperties) = preSolution
		HideSolutionNode = FALSE
	EndGlobalSection
	GlobalSection(ExtensibilityGlobals) = postSolution
		SolutionGuid = {97AAA275-EAF5-4351-BB75-024976B167BC}
	EndGlobalSection
EndGlobal
